
Microsoft Visual Studio Solution File, Format Version 12.00
# Visual Studio Version 17
VisualStudioVersion = 17.6.33815.320
MinimumVisualStudioVersion = 10.0.40219.1
Project("{FAE04EC0-301F-11D3-BF4B-00C04F79EFBC}") = "WebApplicationonGH_AzPP_AccessToken", "WebApplicationonGH_AzPP_AccessToken\WebApplicationonGH_AzPP_AccessToken.csproj", "{529DF9F9-4F36-4B64-9910-93E78C8CA24D}"
EndProject
Global
	GlobalSection(SolutionConfigurationPlatforms) = preSolution
		Debug|Any CPU = Debug|Any CPU
		Release|Any CPU = Release|Any CPU
	EndGlobalSection
	GlobalSection(ProjectConfigurationPlatforms) = postSolution
		{529DF9F9-4F36-4B64-9910-93E78C8CA24D}.Debug|Any CPU.ActiveCfg = Debug|Any CPU
		{529DF9F9-4F36-4B64-9910-93E78C8CA24D}.Debug|Any CPU.Build.0 = Debug|Any CPU
		{529DF9F9-4F36-4B64-9910-93E78C8CA24D}.Release|Any CPU.ActiveCfg = Release|Any CPU
		{529DF9F9-4F36-4B64-9910-93E78C8CA24D}.Release|Any CPU.Build.0 = Release|Any CPU
	EndGlobalSection
	GlobalSection(SolutionProperties) = preSolution
		HideSolutionNode = FALSE
	EndGlobalSection
	GlobalSection(ExtensibilityGlobals) = postSolution
		SolutionGuid = {0E96943E-74BA-4738-AE9D-8DE93620927B}
	EndGlobalSection
EndGlobal
